<?xml version="1.0" encoding="UTF-8"?>
<!DOCTYPE plist PUBLIC "-//Apple//DTD PLIST 1.0//EN" "http://www.apple.com/DTDs/PropertyList-1.0.dtd">
<plist version="1.0">
<dict>
	<key>archiveVersion</key>
	<string>1</string>
	<key>classes</key>
	<dict/>
	<key>objectVersion</key>
	<string>46</string>
	<key>objects</key>
	<dict>
		<key>043736DDC1A3C0CEF1A3F268</key>
		<dict>
			<key>includeInIndex</key>
			<string>1</string>
			<key>isa</key>
			<string>PBXFileReference</string>
			<key>lastKnownFileType</key>
			<string>text.xcconfig</string>
			<key>name</key>
			<string>Pods-FSearcher.debug.xcconfig</string>
			<key>path</key>
			<string>Pods/Target Support Files/Pods-FSearcher/Pods-FSearcher.debug.xcconfig</string>
			<key>sourceTree</key>
			<string>&lt;group&gt;</string>
		</dict>
		<key>186683A4FD3B40FE6304A50A</key>
		<dict>
			<key>children</key>
			<array>
				<string>043736DDC1A3C0CEF1A3F268</string>
				<string>63CA40D8FA14AEB85F84E4C4</string>
			</array>
			<key>isa</key>
			<string>PBXGroup</string>
			<key>name</key>
			<string>Pods</string>
			<key>sourceTree</key>
			<string>&lt;group&gt;</string>
		</dict>
		<key>56C9EF4CA7F6441357C50A69</key>
		<dict>
			<key>fileRef</key>
			<string>ED6638DD69D455C12753014F</string>
			<key>isa</key>
			<string>PBXBuildFile</string>
		</dict>
		<key>63CA40D8FA14AEB85F84E4C4</key>
		<dict>
			<key>includeInIndex</key>
			<string>1</string>
			<key>isa</key>
			<string>PBXFileReference</string>
			<key>lastKnownFileType</key>
			<string>text.xcconfig</string>
			<key>name</key>
			<string>Pods-FSearcher.release.xcconfig</string>
			<key>path</key>
			<string>Pods/Target Support Files/Pods-FSearcher/Pods-FSearcher.release.xcconfig</string>
			<key>sourceTree</key>
			<string>&lt;group&gt;</string>
		</dict>
		<key>681AE9D325D95CD343C10F81</key>
		<dict>
			<key>buildActionMask</key>
			<string>2147483647</string>
			<key>files</key>
			<array/>
			<key>inputPaths</key>
			<array/>
			<key>isa</key>
			<string>PBXShellScriptBuildPhase</string>
			<key>name</key>
			<string>Check Pods Manifest.lock</string>
			<key>outputPaths</key>
			<array/>
			<key>runOnlyForDeploymentPostprocessing</key>
			<string>0</string>
			<key>shellPath</key>
			<string>/bin/sh</string>
			<key>shellScript</key>
			<string>diff "${PODS_ROOT}/../Podfile.lock" "${PODS_ROOT}/Manifest.lock" &gt; /dev/null
if [[ $? != 0 ]] ; then
    cat &lt;&lt; EOM
error: The sandbox is not in sync with the Podfile.lock. Run 'pod install' or update your CocoaPods installation.
EOM
    exit 1
fi
</string>
			<key>showEnvVarsInLog</key>
			<string>0</string>
		</dict>
		<key>6D21B2AE1BF5FD880004B2B5</key>
		<dict>
			<key>children</key>
			<array>
				<string>6D21B2EE1BF609CE0004B2B5</string>
				<string>6D21B2BE1BF5FD880004B2B5</string>
				<string>6D21B2BF1BF5FD880004B2B5</string>
				<string>6D21B2B91BF5FD880004B2B5</string>
				<string>6D21B2D31BF5FD880004B2B5</string>
				<string>6D21B2B81BF5FD880004B2B5</string>
				<string>186683A4FD3B40FE6304A50A</string>
				<string>FCC2318F4FAEBE8F507377A1</string>
			</array>
			<key>isa</key>
			<string>PBXGroup</string>
			<key>sourceTree</key>
			<string>&lt;group&gt;</string>
		</dict>
		<key>6D21B2AF1BF5FD880004B2B5</key>
		<dict>
			<key>attributes</key>
			<dict>
				<key>LastUpgradeCheck</key>
				<string>0640</string>
				<key>ORGANIZATIONNAME</key>
				<string>Pavlo Dumyak</string>
				<key>TargetAttributes</key>
				<dict>
					<key>6D21B2B61BF5FD880004B2B5</key>
					<dict>
						<key>CreatedOnToolsVersion</key>
						<string>6.4</string>
					</dict>
					<key>6D21B2CF1BF5FD880004B2B5</key>
					<dict>
						<key>CreatedOnToolsVersion</key>
						<string>6.4</string>
						<key>TestTargetID</key>
						<string>6D21B2B61BF5FD880004B2B5</string>
					</dict>
				</dict>
			</dict>
			<key>buildConfigurationList</key>
			<string>6D21B2B21BF5FD880004B2B5</string>
			<key>compatibilityVersion</key>
			<string>Xcode 3.2</string>
			<key>developmentRegion</key>
			<string>English</string>
			<key>hasScannedForEncodings</key>
			<string>0</string>
			<key>isa</key>
			<string>PBXProject</string>
			<key>knownRegions</key>
			<array>
				<string>en</string>
				<string>Base</string>
			</array>
			<key>mainGroup</key>
			<string>6D21B2AE1BF5FD880004B2B5</string>
			<key>productRefGroup</key>
			<string>6D21B2B81BF5FD880004B2B5</string>
			<key>projectDirPath</key>
			<string></string>
			<key>projectReferences</key>
			<array/>
			<key>projectRoot</key>
			<string></string>
			<key>targets</key>
			<array>
				<string>6D21B2B61BF5FD880004B2B5</string>
				<string>6D21B2CF1BF5FD880004B2B5</string>
			</array>
		</dict>
		<key>6D21B2B21BF5FD880004B2B5</key>
		<dict>
			<key>buildConfigurations</key>
			<array>
				<string>6D21B2D81BF5FD880004B2B5</string>
				<string>6D21B2D91BF5FD880004B2B5</string>
			</array>
			<key>defaultConfigurationIsVisible</key>
			<string>0</string>
			<key>defaultConfigurationName</key>
			<string>Release</string>
			<key>isa</key>
			<string>XCConfigurationList</string>
		</dict>
		<key>6D21B2B31BF5FD880004B2B5</key>
		<dict>
			<key>buildActionMask</key>
			<string>2147483647</string>
			<key>files</key>
			<array>
				<string>6D21B2F61BF620BB0004B2B5</string>
				<string>84F0DF2B1BF8D27000A9249E</string>
				<string>6D21B2E91BF608A60004B2B5</string>
				<string>8482125C1BF6A65D002E8A75</string>
				<string>6D21B2C01BF5FD880004B2B5</string>
				<string>6D6B09371BF9EE4D006FB90C</string>
				<string>6D21B2ED1BF608D70004B2B5</string>
				<string>6D21B2E51BF5FE7B0004B2B5</string>
				<string>84F0DF311BF90CFE00A9249E</string>
				<string>6D21B2F21BF618860004B2B5</string>
				<string>84F0DFB91BF974DB00A9249E</string>
				<string>6D21B2BD1BF5FD880004B2B5</string>
				<string>84F0DFAD1BF94D1800A9249E</string>
				<string>84F0DF2E1BF8F22D00A9249E</string>
				<string>84F0DFB31BF962D000A9249E</string>
				<string>84F0DFAA1BF94C7900A9249E</string>
			</array>
			<key>isa</key>
			<string>PBXSourcesBuildPhase</string>
			<key>runOnlyForDeploymentPostprocessing</key>
			<string>0</string>
		</dict>
		<key>6D21B2B41BF5FD880004B2B5</key>
		<dict>
			<key>buildActionMask</key>
			<string>2147483647</string>
			<key>files</key>
			<array>
				<string>56C9EF4CA7F6441357C50A69</string>
			</array>
			<key>isa</key>
			<string>PBXFrameworksBuildPhase</string>
			<key>runOnlyForDeploymentPostprocessing</key>
			<string>0</string>
		</dict>
		<key>6D21B2B51BF5FD880004B2B5</key>
		<dict>
			<key>buildActionMask</key>
			<string>2147483647</string>
			<key>files</key>
			<array>
				<string>848212091BF662D5002E8A75</string>
				<string>6D21B2C61BF5FD880004B2B5</string>
				<string>6D21B2CB1BF5FD880004B2B5</string>
				<string>6D21B2C81BF5FD880004B2B5</string>
			</array>
			<key>isa</key>
			<string>PBXResourcesBuildPhase</string>
			<key>runOnlyForDeploymentPostprocessing</key>
			<string>0</string>
		</dict>
		<key>6D21B2B61BF5FD880004B2B5</key>
		<dict>
			<key>buildConfigurationList</key>
			<string>6D21B2DA1BF5FD880004B2B5</string>
			<key>buildPhases</key>
			<array>
				<string>681AE9D325D95CD343C10F81</string>
				<string>6D21B2B31BF5FD880004B2B5</string>
				<string>6D21B2B41BF5FD880004B2B5</string>
				<string>6D21B2B51BF5FD880004B2B5</string>
				<string>8D38E5EC71683FFFE75DD658</string>
			</array>
			<key>buildRules</key>
			<array/>
			<key>dependencies</key>
			<array/>
			<key>isa</key>
			<string>PBXNativeTarget</string>
			<key>name</key>
			<string>FSearcher</string>
			<key>productName</key>
			<string>FSearcher</string>
			<key>productReference</key>
			<string>6D21B2B71BF5FD880004B2B5</string>
			<key>productType</key>
			<string>com.apple.product-type.application</string>
		</dict>
		<key>6D21B2B71BF5FD880004B2B5</key>
		<dict>
			<key>explicitFileType</key>
			<string>wrapper.application</string>
			<key>includeInIndex</key>
			<string>0</string>
			<key>isa</key>
			<string>PBXFileReference</string>
			<key>path</key>
			<string>FSearcher.app</string>
			<key>sourceTree</key>
			<string>BUILT_PRODUCTS_DIR</string>
		</dict>
		<key>6D21B2B81BF5FD880004B2B5</key>
		<dict>
			<key>children</key>
			<array>
				<string>6D21B2B71BF5FD880004B2B5</string>
				<string>6D21B2D01BF5FD880004B2B5</string>
			</array>
			<key>isa</key>
			<string>PBXGroup</string>
			<key>name</key>
			<string>Products</string>
			<key>sourceTree</key>
			<string>&lt;group&gt;</string>
		</dict>
		<key>6D21B2B91BF5FD880004B2B5</key>
		<dict>
			<key>children</key>
			<array>
				<string>6D21B2E21BF5FDFC0004B2B5</string>
				<string>6D21B2E01BF5FDC60004B2B5</string>
				<string>6D21B2C41BF5FD880004B2B5</string>
				<string>6D21B2C71BF5FD880004B2B5</string>
				<string>6D21B2C91BF5FD880004B2B5</string>
				<string>6D21B2BA1BF5FD880004B2B5</string>
			</array>
			<key>isa</key>
			<string>PBXGroup</string>
			<key>path</key>
			<string>FSearcher</string>
			<key>sourceTree</key>
			<string>&lt;group&gt;</string>
		</dict>
		<key>6D21B2BA1BF5FD880004B2B5</key>
		<dict>
			<key>children</key>
			<array>
				<string>6D21B2BB1BF5FD880004B2B5</string>
				<string>6D21B2BC1BF5FD880004B2B5</string>
			</array>
			<key>isa</key>
			<string>PBXGroup</string>
			<key>name</key>
			<string>Supporting Files</string>
			<key>sourceTree</key>
			<string>&lt;group&gt;</string>
		</dict>
		<key>6D21B2BB1BF5FD880004B2B5</key>
		<dict>
			<key>isa</key>
			<string>PBXFileReference</string>
			<key>lastKnownFileType</key>
			<string>text.plist.xml</string>
			<key>path</key>
			<string>Info.plist</string>
			<key>sourceTree</key>
			<string>&lt;group&gt;</string>
		</dict>
		<key>6D21B2BC1BF5FD880004B2B5</key>
		<dict>
			<key>isa</key>
			<string>PBXFileReference</string>
			<key>lastKnownFileType</key>
			<string>sourcecode.c.objc</string>
			<key>path</key>
			<string>main.m</string>
			<key>sourceTree</key>
			<string>&lt;group&gt;</string>
		</dict>
		<key>6D21B2BD1BF5FD880004B2B5</key>
		<dict>
			<key>fileRef</key>
			<string>6D21B2BC1BF5FD880004B2B5</string>
			<key>isa</key>
			<string>PBXBuildFile</string>
		</dict>
		<key>6D21B2BE1BF5FD880004B2B5</key>
		<dict>
			<key>isa</key>
			<string>PBXFileReference</string>
			<key>lastKnownFileType</key>
			<string>sourcecode.c.h</string>
			<key>name</key>
			<string>AppDelegate.h</string>
			<key>path</key>
			<string>FSearcher/AppDelegate.h</string>
			<key>sourceTree</key>
			<string>&lt;group&gt;</string>
		</dict>
		<key>6D21B2BF1BF5FD880004B2B5</key>
		<dict>
			<key>isa</key>
			<string>PBXFileReference</string>
			<key>lastKnownFileType</key>
			<string>sourcecode.c.objc</string>
			<key>name</key>
			<string>AppDelegate.m</string>
			<key>path</key>
			<string>FSearcher/AppDelegate.m</string>
			<key>sourceTree</key>
			<string>&lt;group&gt;</string>
		</dict>
		<key>6D21B2C01BF5FD880004B2B5</key>
		<dict>
			<key>fileRef</key>
			<string>6D21B2BF1BF5FD880004B2B5</string>
			<key>isa</key>
			<string>PBXBuildFile</string>
		</dict>
		<key>6D21B2C41BF5FD880004B2B5</key>
		<dict>
			<key>children</key>
			<array>
				<string>6D21B2C51BF5FD880004B2B5</string>
			</array>
			<key>isa</key>
			<string>PBXVariantGroup</string>
			<key>name</key>
			<string>Main.storyboard</string>
			<key>sourceTree</key>
			<string>&lt;group&gt;</string>
		</dict>
		<key>6D21B2C51BF5FD880004B2B5</key>
		<dict>
			<key>isa</key>
			<string>PBXFileReference</string>
			<key>lastKnownFileType</key>
			<string>file.storyboard</string>
			<key>name</key>
			<string>Base</string>
			<key>path</key>
			<string>Base.lproj/Main.storyboard</string>
			<key>sourceTree</key>
			<string>&lt;group&gt;</string>
		</dict>
		<key>6D21B2C61BF5FD880004B2B5</key>
		<dict>
			<key>fileRef</key>
			<string>6D21B2C41BF5FD880004B2B5</string>
			<key>isa</key>
			<string>PBXBuildFile</string>
		</dict>
		<key>6D21B2C71BF5FD880004B2B5</key>
		<dict>
			<key>isa</key>
			<string>PBXFileReference</string>
			<key>lastKnownFileType</key>
			<string>folder.assetcatalog</string>
			<key>path</key>
			<string>Images.xcassets</string>
			<key>sourceTree</key>
			<string>&lt;group&gt;</string>
		</dict>
		<key>6D21B2C81BF5FD880004B2B5</key>
		<dict>
			<key>fileRef</key>
			<string>6D21B2C71BF5FD880004B2B5</string>
			<key>isa</key>
			<string>PBXBuildFile</string>
		</dict>
		<key>6D21B2C91BF5FD880004B2B5</key>
		<dict>
			<key>children</key>
			<array>
				<string>6D21B2CA1BF5FD880004B2B5</string>
			</array>
			<key>isa</key>
			<string>PBXVariantGroup</string>
			<key>name</key>
			<string>LaunchScreen.xib</string>
			<key>sourceTree</key>
			<string>&lt;group&gt;</string>
		</dict>
		<key>6D21B2CA1BF5FD880004B2B5</key>
		<dict>
			<key>isa</key>
			<string>PBXFileReference</string>
			<key>lastKnownFileType</key>
			<string>file.xib</string>
			<key>name</key>
			<string>Base</string>
			<key>path</key>
			<string>Base.lproj/LaunchScreen.xib</string>
			<key>sourceTree</key>
			<string>&lt;group&gt;</string>
		</dict>
		<key>6D21B2CB1BF5FD880004B2B5</key>
		<dict>
			<key>fileRef</key>
			<string>6D21B2C91BF5FD880004B2B5</string>
			<key>isa</key>
			<string>PBXBuildFile</string>
		</dict>
		<key>6D21B2CC1BF5FD880004B2B5</key>
		<dict>
			<key>buildActionMask</key>
			<string>2147483647</string>
			<key>files</key>
			<array>
				<string>6D21B2D71BF5FD880004B2B5</string>
			</array>
			<key>isa</key>
			<string>PBXSourcesBuildPhase</string>
			<key>runOnlyForDeploymentPostprocessing</key>
			<string>0</string>
		</dict>
		<key>6D21B2CD1BF5FD880004B2B5</key>
		<dict>
			<key>buildActionMask</key>
			<string>2147483647</string>
			<key>files</key>
			<array/>
			<key>isa</key>
			<string>PBXFrameworksBuildPhase</string>
			<key>runOnlyForDeploymentPostprocessing</key>
			<string>0</string>
		</dict>
		<key>6D21B2CE1BF5FD880004B2B5</key>
		<dict>
			<key>buildActionMask</key>
			<string>2147483647</string>
			<key>files</key>
			<array/>
			<key>isa</key>
			<string>PBXResourcesBuildPhase</string>
			<key>runOnlyForDeploymentPostprocessing</key>
			<string>0</string>
		</dict>
		<key>6D21B2CF1BF5FD880004B2B5</key>
		<dict>
			<key>buildConfigurationList</key>
			<string>6D21B2DD1BF5FD880004B2B5</string>
			<key>buildPhases</key>
			<array>
				<string>6D21B2CC1BF5FD880004B2B5</string>
				<string>6D21B2CD1BF5FD880004B2B5</string>
				<string>6D21B2CE1BF5FD880004B2B5</string>
			</array>
			<key>buildRules</key>
			<array/>
			<key>dependencies</key>
			<array>
				<string>6D21B2D21BF5FD880004B2B5</string>
			</array>
			<key>isa</key>
			<string>PBXNativeTarget</string>
			<key>name</key>
			<string>FSearcherTests</string>
			<key>productName</key>
			<string>FSearcherTests</string>
			<key>productReference</key>
			<string>6D21B2D01BF5FD880004B2B5</string>
			<key>productType</key>
			<string>com.apple.product-type.bundle.unit-test</string>
		</dict>
		<key>6D21B2D01BF5FD880004B2B5</key>
		<dict>
			<key>explicitFileType</key>
			<string>wrapper.cfbundle</string>
			<key>includeInIndex</key>
			<string>0</string>
			<key>isa</key>
			<string>PBXFileReference</string>
			<key>path</key>
			<string>FSearcherTests.xctest</string>
			<key>sourceTree</key>
			<string>BUILT_PRODUCTS_DIR</string>
		</dict>
		<key>6D21B2D11BF5FD880004B2B5</key>
		<dict>
			<key>containerPortal</key>
			<string>6D21B2AF1BF5FD880004B2B5</string>
			<key>isa</key>
			<string>PBXContainerItemProxy</string>
			<key>proxyType</key>
			<string>1</string>
			<key>remoteGlobalIDString</key>
			<string>6D21B2B61BF5FD880004B2B5</string>
			<key>remoteInfo</key>
			<string>FSearcher</string>
		</dict>
		<key>6D21B2D21BF5FD880004B2B5</key>
		<dict>
			<key>isa</key>
			<string>PBXTargetDependency</string>
			<key>target</key>
			<string>6D21B2B61BF5FD880004B2B5</string>
			<key>targetProxy</key>
			<string>6D21B2D11BF5FD880004B2B5</string>
		</dict>
		<key>6D21B2D31BF5FD880004B2B5</key>
		<dict>
			<key>children</key>
			<array>
				<string>6D21B2D61BF5FD880004B2B5</string>
				<string>6D21B2D41BF5FD880004B2B5</string>
			</array>
			<key>isa</key>
			<string>PBXGroup</string>
			<key>path</key>
			<string>FSearcherTests</string>
			<key>sourceTree</key>
			<string>&lt;group&gt;</string>
		</dict>
		<key>6D21B2D41BF5FD880004B2B5</key>
		<dict>
			<key>children</key>
			<array>
				<string>6D21B2D51BF5FD880004B2B5</string>
			</array>
			<key>isa</key>
			<string>PBXGroup</string>
			<key>name</key>
			<string>Supporting Files</string>
			<key>sourceTree</key>
			<string>&lt;group&gt;</string>
		</dict>
		<key>6D21B2D51BF5FD880004B2B5</key>
		<dict>
			<key>isa</key>
			<string>PBXFileReference</string>
			<key>lastKnownFileType</key>
			<string>text.plist.xml</string>
			<key>path</key>
			<string>Info.plist</string>
			<key>sourceTree</key>
			<string>&lt;group&gt;</string>
		</dict>
		<key>6D21B2D61BF5FD880004B2B5</key>
		<dict>
			<key>isa</key>
			<string>PBXFileReference</string>
			<key>lastKnownFileType</key>
			<string>sourcecode.c.objc</string>
			<key>path</key>
			<string>FSearcherTests.m</string>
			<key>sourceTree</key>
			<string>&lt;group&gt;</string>
		</dict>
		<key>6D21B2D71BF5FD880004B2B5</key>
		<dict>
			<key>fileRef</key>
			<string>6D21B2D61BF5FD880004B2B5</string>
			<key>isa</key>
			<string>PBXBuildFile</string>
		</dict>
		<key>6D21B2D81BF5FD880004B2B5</key>
		<dict>
			<key>buildSettings</key>
			<dict>
				<key>ALWAYS_SEARCH_USER_PATHS</key>
				<string>NO</string>
				<key>CLANG_CXX_LANGUAGE_STANDARD</key>
				<string>gnu++0x</string>
				<key>CLANG_CXX_LIBRARY</key>
				<string>libc++</string>
				<key>CLANG_ENABLE_MODULES</key>
				<string>YES</string>
				<key>CLANG_ENABLE_OBJC_ARC</key>
				<string>YES</string>
				<key>CLANG_WARN_BOOL_CONVERSION</key>
				<string>YES</string>
				<key>CLANG_WARN_CONSTANT_CONVERSION</key>
				<string>YES</string>
				<key>CLANG_WARN_DIRECT_OBJC_ISA_USAGE</key>
				<string>YES_ERROR</string>
				<key>CLANG_WARN_EMPTY_BODY</key>
				<string>YES</string>
				<key>CLANG_WARN_ENUM_CONVERSION</key>
				<string>YES</string>
				<key>CLANG_WARN_INT_CONVERSION</key>
				<string>YES</string>
				<key>CLANG_WARN_OBJC_ROOT_CLASS</key>
				<string>YES_ERROR</string>
				<key>CLANG_WARN_UNREACHABLE_CODE</key>
				<string>YES</string>
				<key>CLANG_WARN__DUPLICATE_METHOD_MATCH</key>
				<string>YES</string>
				<key>CODE_SIGN_IDENTITY[sdk=iphoneos*]</key>
				<string>iPhone Developer</string>
				<key>COPY_PHASE_STRIP</key>
				<string>NO</string>
				<key>DEBUG_INFORMATION_FORMAT</key>
				<string>dwarf-with-dsym</string>
				<key>ENABLE_STRICT_OBJC_MSGSEND</key>
				<string>YES</string>
				<key>GCC_C_LANGUAGE_STANDARD</key>
				<string>gnu99</string>
				<key>GCC_DYNAMIC_NO_PIC</key>
				<string>NO</string>
				<key>GCC_NO_COMMON_BLOCKS</key>
				<string>YES</string>
				<key>GCC_OPTIMIZATION_LEVEL</key>
				<string>0</string>
				<key>GCC_PREPROCESSOR_DEFINITIONS</key>
				<array>
					<string>DEBUG=1</string>
					<string>$(inherited)</string>
				</array>
				<key>GCC_SYMBOLS_PRIVATE_EXTERN</key>
				<string>NO</string>
				<key>GCC_WARN_64_TO_32_BIT_CONVERSION</key>
				<string>YES</string>
				<key>GCC_WARN_ABOUT_RETURN_TYPE</key>
				<string>YES_ERROR</string>
				<key>GCC_WARN_UNDECLARED_SELECTOR</key>
				<string>YES</string>
				<key>GCC_WARN_UNINITIALIZED_AUTOS</key>
				<string>YES_AGGRESSIVE</string>
				<key>GCC_WARN_UNUSED_FUNCTION</key>
				<string>YES</string>
				<key>GCC_WARN_UNUSED_VARIABLE</key>
				<string>YES</string>
				<key>IPHONEOS_DEPLOYMENT_TARGET</key>
				<string>8.4</string>
				<key>MTL_ENABLE_DEBUG_INFO</key>
				<string>YES</string>
				<key>ONLY_ACTIVE_ARCH</key>
				<string>YES</string>
				<key>SDKROOT</key>
				<string>iphoneos</string>
			</dict>
			<key>isa</key>
			<string>XCBuildConfiguration</string>
			<key>name</key>
			<string>Debug</string>
		</dict>
		<key>6D21B2D91BF5FD880004B2B5</key>
		<dict>
			<key>buildSettings</key>
			<dict>
				<key>ALWAYS_SEARCH_USER_PATHS</key>
				<string>NO</string>
				<key>CLANG_CXX_LANGUAGE_STANDARD</key>
				<string>gnu++0x</string>
				<key>CLANG_CXX_LIBRARY</key>
				<string>libc++</string>
				<key>CLANG_ENABLE_MODULES</key>
				<string>YES</string>
				<key>CLANG_ENABLE_OBJC_ARC</key>
				<string>YES</string>
				<key>CLANG_WARN_BOOL_CONVERSION</key>
				<string>YES</string>
				<key>CLANG_WARN_CONSTANT_CONVERSION</key>
				<string>YES</string>
				<key>CLANG_WARN_DIRECT_OBJC_ISA_USAGE</key>
				<string>YES_ERROR</string>
				<key>CLANG_WARN_EMPTY_BODY</key>
				<string>YES</string>
				<key>CLANG_WARN_ENUM_CONVERSION</key>
				<string>YES</string>
				<key>CLANG_WARN_INT_CONVERSION</key>
				<string>YES</string>
				<key>CLANG_WARN_OBJC_ROOT_CLASS</key>
				<string>YES_ERROR</string>
				<key>CLANG_WARN_UNREACHABLE_CODE</key>
				<string>YES</string>
				<key>CLANG_WARN__DUPLICATE_METHOD_MATCH</key>
				<string>YES</string>
				<key>CODE_SIGN_IDENTITY[sdk=iphoneos*]</key>
				<string>iPhone Developer</string>
				<key>COPY_PHASE_STRIP</key>
				<string>NO</string>
				<key>DEBUG_INFORMATION_FORMAT</key>
				<string>dwarf-with-dsym</string>
				<key>ENABLE_NS_ASSERTIONS</key>
				<string>NO</string>
				<key>ENABLE_STRICT_OBJC_MSGSEND</key>
				<string>YES</string>
				<key>GCC_C_LANGUAGE_STANDARD</key>
				<string>gnu99</string>
				<key>GCC_NO_COMMON_BLOCKS</key>
				<string>YES</string>
				<key>GCC_WARN_64_TO_32_BIT_CONVERSION</key>
				<string>YES</string>
				<key>GCC_WARN_ABOUT_RETURN_TYPE</key>
				<string>YES_ERROR</string>
				<key>GCC_WARN_UNDECLARED_SELECTOR</key>
				<string>YES</string>
				<key>GCC_WARN_UNINITIALIZED_AUTOS</key>
				<string>YES_AGGRESSIVE</string>
				<key>GCC_WARN_UNUSED_FUNCTION</key>
				<string>YES</string>
				<key>GCC_WARN_UNUSED_VARIABLE</key>
				<string>YES</string>
				<key>IPHONEOS_DEPLOYMENT_TARGET</key>
				<string>8.4</string>
				<key>MTL_ENABLE_DEBUG_INFO</key>
				<string>NO</string>
				<key>SDKROOT</key>
				<string>iphoneos</string>
				<key>VALIDATE_PRODUCT</key>
				<string>YES</string>
			</dict>
			<key>isa</key>
			<string>XCBuildConfiguration</string>
			<key>name</key>
			<string>Release</string>
		</dict>
		<key>6D21B2DA1BF5FD880004B2B5</key>
		<dict>
			<key>buildConfigurations</key>
			<array>
				<string>6D21B2DB1BF5FD880004B2B5</string>
				<string>6D21B2DC1BF5FD880004B2B5</string>
			</array>
			<key>defaultConfigurationIsVisible</key>
			<string>0</string>
			<key>defaultConfigurationName</key>
			<string>Release</string>
			<key>isa</key>
			<string>XCConfigurationList</string>
		</dict>
		<key>6D21B2DB1BF5FD880004B2B5</key>
		<dict>
			<key>baseConfigurationReference</key>
			<string>043736DDC1A3C0CEF1A3F268</string>
			<key>buildSettings</key>
			<dict>
				<key>ASSETCATALOG_COMPILER_APPICON_NAME</key>
				<string>AppIcon</string>
				<key>INFOPLIST_FILE</key>
				<string>FSearcher/Info.plist</string>
				<key>IPHONEOS_DEPLOYMENT_TARGET</key>
				<string>8.0</string>
				<key>LD_RUNPATH_SEARCH_PATHS</key>
				<string>$(inherited) @executable_path/Frameworks</string>
				<key>PRODUCT_NAME</key>
				<string>$(TARGET_NAME)</string>
			</dict>
			<key>isa</key>
			<string>XCBuildConfiguration</string>
			<key>name</key>
			<string>Debug</string>
		</dict>
		<key>6D21B2DC1BF5FD880004B2B5</key>
		<dict>
			<key>baseConfigurationReference</key>
			<string>63CA40D8FA14AEB85F84E4C4</string>
			<key>buildSettings</key>
			<dict>
				<key>ASSETCATALOG_COMPILER_APPICON_NAME</key>
				<string>AppIcon</string>
				<key>INFOPLIST_FILE</key>
				<string>FSearcher/Info.plist</string>
				<key>IPHONEOS_DEPLOYMENT_TARGET</key>
				<string>8.0</string>
				<key>LD_RUNPATH_SEARCH_PATHS</key>
				<string>$(inherited) @executable_path/Frameworks</string>
				<key>PRODUCT_NAME</key>
				<string>$(TARGET_NAME)</string>
			</dict>
			<key>isa</key>
			<string>XCBuildConfiguration</string>
			<key>name</key>
			<string>Release</string>
		</dict>
		<key>6D21B2DD1BF5FD880004B2B5</key>
		<dict>
			<key>buildConfigurations</key>
			<array>
				<string>6D21B2DE1BF5FD880004B2B5</string>
				<string>6D21B2DF1BF5FD880004B2B5</string>
			</array>
			<key>defaultConfigurationIsVisible</key>
			<string>0</string>
			<key>defaultConfigurationName</key>
			<string>Release</string>
			<key>isa</key>
			<string>XCConfigurationList</string>
		</dict>
		<key>6D21B2DE1BF5FD880004B2B5</key>
		<dict>
			<key>buildSettings</key>
			<dict>
				<key>BUNDLE_LOADER</key>
				<string>$(TEST_HOST)</string>
				<key>FRAMEWORK_SEARCH_PATHS</key>
				<array>
					<string>$(SDKROOT)/Developer/Library/Frameworks</string>
					<string>$(inherited)</string>
				</array>
				<key>GCC_PREPROCESSOR_DEFINITIONS</key>
				<array>
					<string>DEBUG=1</string>
					<string>$(inherited)</string>
				</array>
				<key>INFOPLIST_FILE</key>
				<string>FSearcherTests/Info.plist</string>
				<key>IPHONEOS_DEPLOYMENT_TARGET</key>
				<string>8.0</string>
				<key>LD_RUNPATH_SEARCH_PATHS</key>
				<string>$(inherited) @executable_path/Frameworks @loader_path/Frameworks</string>
				<key>PRODUCT_NAME</key>
				<string>$(TARGET_NAME)</string>
				<key>TEST_HOST</key>
				<string>$(BUILT_PRODUCTS_DIR)/FSearcher.app/FSearcher</string>
			</dict>
			<key>isa</key>
			<string>XCBuildConfiguration</string>
			<key>name</key>
			<string>Debug</string>
		</dict>
		<key>6D21B2DF1BF5FD880004B2B5</key>
		<dict>
			<key>buildSettings</key>
			<dict>
				<key>BUNDLE_LOADER</key>
				<string>$(TEST_HOST)</string>
				<key>FRAMEWORK_SEARCH_PATHS</key>
				<array>
					<string>$(SDKROOT)/Developer/Library/Frameworks</string>
					<string>$(inherited)</string>
				</array>
				<key>INFOPLIST_FILE</key>
				<string>FSearcherTests/Info.plist</string>
				<key>IPHONEOS_DEPLOYMENT_TARGET</key>
				<string>8.0</string>
				<key>LD_RUNPATH_SEARCH_PATHS</key>
				<string>$(inherited) @executable_path/Frameworks @loader_path/Frameworks</string>
				<key>PRODUCT_NAME</key>
				<string>$(TARGET_NAME)</string>
				<key>TEST_HOST</key>
				<string>$(BUILT_PRODUCTS_DIR)/FSearcher.app/FSearcher</string>
			</dict>
			<key>isa</key>
			<string>XCBuildConfiguration</string>
			<key>name</key>
			<string>Release</string>
		</dict>
		<key>6D21B2E01BF5FDC60004B2B5</key>
		<dict>
			<key>children</key>
			<array>
				<string>6D6B09381BF9EE51006FB90C</string>
				<string>6D21B2F31BF6209D0004B2B5</string>
				<string>6D21B2EF1BF618700004B2B5</string>
				<string>6D21B2EA1BF608B30004B2B5</string>
				<string>6D21B2E61BF6086D0004B2B5</string>
			</array>
			<key>isa</key>
			<string>PBXGroup</string>
			<key>name</key>
			<string>Model</string>
			<key>sourceTree</key>
			<string>&lt;group&gt;</string>
		</dict>
		<key>6D21B2E21BF5FDFC0004B2B5</key>
		<dict>
			<key>children</key>
			<array>
				<string>84F0DFB61BF974B000A9249E</string>
				<string>84F0DFB41BF96F5A00A9249E</string>
				<string>84F0DFB51BF96F7800A9249E</string>
				<string>84F0DF281BF8D25000A9249E</string>
				<string>84F0DF271BF8D22800A9249E</string>
			</array>
			<key>isa</key>
			<string>PBXGroup</string>
			<key>name</key>
			<string>Controllers</string>
			<key>sourceTree</key>
			<string>&lt;group&gt;</string>
		</dict>
		<key>6D21B2E31BF5FE7B0004B2B5</key>
		<dict>
			<key>fileEncoding</key>
			<string>4</string>
			<key>isa</key>
			<string>PBXFileReference</string>
			<key>lastKnownFileType</key>
			<string>sourcecode.c.h</string>
			<key>path</key>
			<string>TableFilmViewController.h</string>
			<key>sourceTree</key>
			<string>&lt;group&gt;</string>
		</dict>
		<key>6D21B2E41BF5FE7B0004B2B5</key>
		<dict>
			<key>fileEncoding</key>
			<string>4</string>
			<key>isa</key>
			<string>PBXFileReference</string>
			<key>lastKnownFileType</key>
			<string>sourcecode.c.objc</string>
			<key>path</key>
			<string>TableFilmViewController.m</string>
			<key>sourceTree</key>
			<string>&lt;group&gt;</string>
		</dict>
		<key>6D21B2E51BF5FE7B0004B2B5</key>
		<dict>
			<key>fileRef</key>
			<string>6D21B2E41BF5FE7B0004B2B5</string>
			<key>isa</key>
			<string>PBXBuildFile</string>
		</dict>
		<key>6D21B2E61BF6086D0004B2B5</key>
		<dict>
			<key>children</key>
			<array>
				<string>6D21B2E71BF608A60004B2B5</string>
				<string>6D21B2E81BF608A60004B2B5</string>
				<string>848212081BF662D5002E8A75</string>
			</array>
			<key>isa</key>
			<string>PBXGroup</string>
			<key>name</key>
			<string>FSFilms</string>
			<key>sourceTree</key>
			<string>&lt;group&gt;</string>
		</dict>
		<key>6D21B2E71BF608A60004B2B5</key>
		<dict>
			<key>fileEncoding</key>
			<string>4</string>
			<key>isa</key>
			<string>PBXFileReference</string>
			<key>lastKnownFileType</key>
			<string>sourcecode.c.h</string>
			<key>path</key>
			<string>FSFilm.h</string>
			<key>sourceTree</key>
			<string>&lt;group&gt;</string>
		</dict>
		<key>6D21B2E81BF608A60004B2B5</key>
		<dict>
			<key>fileEncoding</key>
			<string>4</string>
			<key>isa</key>
			<string>PBXFileReference</string>
			<key>lastKnownFileType</key>
			<string>sourcecode.c.objc</string>
			<key>path</key>
			<string>FSFilm.m</string>
			<key>sourceTree</key>
			<string>&lt;group&gt;</string>
		</dict>
		<key>6D21B2E91BF608A60004B2B5</key>
		<dict>
			<key>fileRef</key>
			<string>6D21B2E81BF608A60004B2B5</string>
			<key>isa</key>
			<string>PBXBuildFile</string>
		</dict>
		<key>6D21B2EA1BF608B30004B2B5</key>
		<dict>
			<key>children</key>
			<array>
				<string>6D21B2EB1BF608D70004B2B5</string>
				<string>6D21B2EC1BF608D70004B2B5</string>
			</array>
			<key>isa</key>
			<string>PBXGroup</string>
			<key>name</key>
			<string>FSDownloading</string>
			<key>sourceTree</key>
			<string>&lt;group&gt;</string>
		</dict>
		<key>6D21B2EB1BF608D70004B2B5</key>
		<dict>
			<key>fileEncoding</key>
			<string>4</string>
			<key>isa</key>
			<string>PBXFileReference</string>
			<key>lastKnownFileType</key>
			<string>sourcecode.c.h</string>
			<key>path</key>
			<string>FSDownloading.h</string>
			<key>sourceTree</key>
			<string>&lt;group&gt;</string>
		</dict>
		<key>6D21B2EC1BF608D70004B2B5</key>
		<dict>
			<key>fileEncoding</key>
			<string>4</string>
			<key>isa</key>
			<string>PBXFileReference</string>
			<key>lastKnownFileType</key>
			<string>sourcecode.c.objc</string>
			<key>path</key>
			<string>FSDownloading.m</string>
			<key>sourceTree</key>
			<string>&lt;group&gt;</string>
		</dict>
		<key>6D21B2ED1BF608D70004B2B5</key>
		<dict>
			<key>fileRef</key>
			<string>6D21B2EC1BF608D70004B2B5</string>
			<key>isa</key>
			<string>PBXBuildFile</string>
		</dict>
		<key>6D21B2EE1BF609CE0004B2B5</key>
		<dict>
			<key>isa</key>
			<string>PBXFileReference</string>
			<key>lastKnownFileType</key>
			<string>sourcecode.c.h</string>
			<key>path</key>
			<string>FSPathDefines.h</string>
			<key>sourceTree</key>
			<string>&lt;group&gt;</string>
		</dict>
		<key>6D21B2EF1BF618700004B2B5</key>
		<dict>
			<key>children</key>
			<array>
				<string>6D21B2F01BF618860004B2B5</string>
				<string>6D21B2F11BF618860004B2B5</string>
			</array>
			<key>isa</key>
			<string>PBXGroup</string>
			<key>name</key>
			<string>FSDataSaver</string>
			<key>sourceTree</key>
			<string>&lt;group&gt;</string>
		</dict>
		<key>6D21B2F01BF618860004B2B5</key>
		<dict>
			<key>fileEncoding</key>
			<string>4</string>
			<key>isa</key>
			<string>PBXFileReference</string>
			<key>lastKnownFileType</key>
			<string>sourcecode.c.h</string>
			<key>path</key>
			<string>FSDataSaver.h</string>
			<key>sourceTree</key>
			<string>&lt;group&gt;</string>
		</dict>
		<key>6D21B2F11BF618860004B2B5</key>
		<dict>
			<key>fileEncoding</key>
			<string>4</string>
			<key>isa</key>
			<string>PBXFileReference</string>
			<key>lastKnownFileType</key>
			<string>sourcecode.c.objc</string>
			<key>path</key>
			<string>FSDataSaver.m</string>
			<key>sourceTree</key>
			<string>&lt;group&gt;</string>
		</dict>
		<key>6D21B2F21BF618860004B2B5</key>
		<dict>
			<key>fileRef</key>
			<string>6D21B2F11BF618860004B2B5</string>
			<key>isa</key>
			<string>PBXBuildFile</string>
		</dict>
		<key>6D21B2F31BF6209D0004B2B5</key>
		<dict>
			<key>children</key>
			<array>
				<string>6D21B2F41BF620BB0004B2B5</string>
				<string>6D21B2F51BF620BB0004B2B5</string>
			</array>
			<key>isa</key>
			<string>PBXGroup</string>
			<key>name</key>
			<string>FSUrlFetcher</string>
			<key>sourceTree</key>
			<string>&lt;group&gt;</string>
		</dict>
		<key>6D21B2F41BF620BB0004B2B5</key>
		<dict>
			<key>fileEncoding</key>
			<string>4</string>
			<key>isa</key>
			<string>PBXFileReference</string>
			<key>lastKnownFileType</key>
			<string>sourcecode.c.h</string>
			<key>path</key>
			<string>FSUrlFetcher.h</string>
			<key>sourceTree</key>
			<string>&lt;group&gt;</string>
		</dict>
		<key>6D21B2F51BF620BB0004B2B5</key>
		<dict>
			<key>fileEncoding</key>
			<string>4</string>
			<key>isa</key>
			<string>PBXFileReference</string>
			<key>lastKnownFileType</key>
			<string>sourcecode.c.objc</string>
			<key>path</key>
			<string>FSUrlFetcher.m</string>
			<key>sourceTree</key>
			<string>&lt;group&gt;</string>
		</dict>
		<key>6D21B2F61BF620BB0004B2B5</key>
		<dict>
			<key>fileRef</key>
			<string>6D21B2F51BF620BB0004B2B5</string>
			<key>isa</key>
			<string>PBXBuildFile</string>
		</dict>
		<key>6D6B09351BF9EE4D006FB90C</key>
		<dict>
			<key>fileEncoding</key>
			<string>4</string>
			<key>isa</key>
			<string>PBXFileReference</string>
			<key>lastKnownFileType</key>
			<string>sourcecode.c.h</string>
			<key>path</key>
			<string>FSSearching.h</string>
			<key>sourceTree</key>
			<string>&lt;group&gt;</string>
		</dict>
		<key>6D6B09361BF9EE4D006FB90C</key>
		<dict>
			<key>fileEncoding</key>
			<string>4</string>
			<key>isa</key>
			<string>PBXFileReference</string>
			<key>lastKnownFileType</key>
			<string>sourcecode.c.objc</string>
			<key>path</key>
			<string>FSSearching.m</string>
			<key>sourceTree</key>
			<string>&lt;group&gt;</string>
		</dict>
		<key>6D6B09371BF9EE4D006FB90C</key>
		<dict>
			<key>fileRef</key>
			<string>6D6B09361BF9EE4D006FB90C</string>
			<key>isa</key>
			<string>PBXBuildFile</string>
		</dict>
		<key>6D6B09381BF9EE51006FB90C</key>
		<dict>
			<key>children</key>
			<array>
				<string>6D6B09351BF9EE4D006FB90C</string>
				<string>6D6B09361BF9EE4D006FB90C</string>
			</array>
			<key>isa</key>
			<string>PBXGroup</string>
			<key>name</key>
			<string>FSSearching</string>
			<key>sourceTree</key>
			<string>&lt;group&gt;</string>
		</dict>
		<key>848212081BF662D5002E8A75</key>
		<dict>
			<key>isa</key>
			<string>PBXFileReference</string>
			<key>lastKnownFileType</key>
			<string>image.png</string>
			<key>path</key>
			<string>No_Image_Available.png</string>
			<key>sourceTree</key>
			<string>&lt;group&gt;</string>
		</dict>
		<key>848212091BF662D5002E8A75</key>
		<dict>
			<key>fileRef</key>
			<string>848212081BF662D5002E8A75</string>
			<key>isa</key>
			<string>PBXBuildFile</string>
		</dict>
		<key>8482125A1BF6A65D002E8A75</key>
		<dict>
			<key>fileEncoding</key>
			<string>4</string>
			<key>isa</key>
			<string>PBXFileReference</string>
			<key>lastKnownFileType</key>
			<string>sourcecode.c.h</string>
			<key>path</key>
			<string>CustomCell.h</string>
			<key>sourceTree</key>
			<string>&lt;group&gt;</string>
		</dict>
		<key>8482125B1BF6A65D002E8A75</key>
		<dict>
			<key>fileEncoding</key>
			<string>4</string>
			<key>isa</key>
			<string>PBXFileReference</string>
			<key>lastKnownFileType</key>
			<string>sourcecode.c.objc</string>
			<key>path</key>
			<string>CustomCell.m</string>
			<key>sourceTree</key>
			<string>&lt;group&gt;</string>
		</dict>
		<key>8482125C1BF6A65D002E8A75</key>
		<dict>
			<key>fileRef</key>
			<string>8482125B1BF6A65D002E8A75</string>
			<key>isa</key>
			<string>PBXBuildFile</string>
		</dict>
		<key>84F0DF271BF8D22800A9249E</key>
		<dict>
			<key>children</key>
			<array>
				<string>6D21B2E31BF5FE7B0004B2B5</string>
				<string>6D21B2E41BF5FE7B0004B2B5</string>
				<string>8482125A1BF6A65D002E8A75</string>
				<string>8482125B1BF6A65D002E8A75</string>
			</array>
			<key>isa</key>
			<string>PBXGroup</string>
			<key>name</key>
			<string>TableController</string>
			<key>sourceTree</key>
			<string>&lt;group&gt;</string>
		</dict>
		<key>84F0DF281BF8D25000A9249E</key>
		<dict>
			<key>children</key>
			<array>
				<string>84F0DF291BF8D27000A9249E</string>
				<string>84F0DF2A1BF8D27000A9249E</string>
				<string>84F0DF2C1BF8F22D00A9249E</string>
				<string>84F0DF2D1BF8F22D00A9249E</string>
				<string>84F0DF2F1BF90CFE00A9249E</string>
				<string>84F0DF301BF90CFE00A9249E</string>
			</array>
			<key>isa</key>
			<string>PBXGroup</string>
			<key>name</key>
			<string>ShowDetailController</string>
			<key>sourceTree</key>
			<string>&lt;group&gt;</string>
		</dict>
		<key>84F0DF291BF8D27000A9249E</key>
		<dict>
			<key>fileEncoding</key>
			<string>4</string>
			<key>isa</key>
			<string>PBXFileReference</string>
			<key>lastKnownFileType</key>
			<string>sourcecode.c.h</string>
			<key>path</key>
			<string>FSShowDetailViewController.h</string>
			<key>sourceTree</key>
			<string>&lt;group&gt;</string>
		</dict>
		<key>84F0DF2A1BF8D27000A9249E</key>
		<dict>
			<key>fileEncoding</key>
			<string>4</string>
			<key>isa</key>
			<string>PBXFileReference</string>
			<key>lastKnownFileType</key>
			<string>sourcecode.c.objc</string>
			<key>path</key>
			<string>FSShowDetailViewController.m</string>
			<key>sourceTree</key>
			<string>&lt;group&gt;</string>
		</dict>
		<key>84F0DF2B1BF8D27000A9249E</key>
		<dict>
			<key>fileRef</key>
			<string>84F0DF2A1BF8D27000A9249E</string>
			<key>isa</key>
			<string>PBXBuildFile</string>
		</dict>
		<key>84F0DF2C1BF8F22D00A9249E</key>
		<dict>
			<key>fileEncoding</key>
			<string>4</string>
			<key>isa</key>
			<string>PBXFileReference</string>
			<key>lastKnownFileType</key>
			<string>sourcecode.c.h</string>
			<key>path</key>
			<string>CustomCollectionViewCell.h</string>
			<key>sourceTree</key>
			<string>&lt;group&gt;</string>
		</dict>
		<key>84F0DF2D1BF8F22D00A9249E</key>
		<dict>
			<key>fileEncoding</key>
			<string>4</string>
			<key>isa</key>
			<string>PBXFileReference</string>
			<key>lastKnownFileType</key>
			<string>sourcecode.c.objc</string>
			<key>path</key>
			<string>CustomCollectionViewCell.m</string>
			<key>sourceTree</key>
			<string>&lt;group&gt;</string>
		</dict>
		<key>84F0DF2E1BF8F22D00A9249E</key>
		<dict>
			<key>fileRef</key>
			<string>84F0DF2D1BF8F22D00A9249E</string>
			<key>isa</key>
			<string>PBXBuildFile</string>
		</dict>
		<key>84F0DF2F1BF90CFE00A9249E</key>
		<dict>
			<key>fileEncoding</key>
			<string>4</string>
			<key>isa</key>
			<string>PBXFileReference</string>
			<key>lastKnownFileType</key>
			<string>sourcecode.c.h</string>
			<key>path</key>
			<string>ShowPhotoViewController.h</string>
			<key>sourceTree</key>
			<string>&lt;group&gt;</string>
		</dict>
		<key>84F0DF301BF90CFE00A9249E</key>
		<dict>
			<key>fileEncoding</key>
			<string>4</string>
			<key>isa</key>
			<string>PBXFileReference</string>
			<key>lastKnownFileType</key>
			<string>sourcecode.c.objc</string>
			<key>path</key>
			<string>ShowPhotoViewController.m</string>
			<key>sourceTree</key>
			<string>&lt;group&gt;</string>
		</dict>
		<key>84F0DF311BF90CFE00A9249E</key>
		<dict>
			<key>fileRef</key>
			<string>84F0DF301BF90CFE00A9249E</string>
			<key>isa</key>
			<string>PBXBuildFile</string>
		</dict>
		<key>84F0DFA81BF94C7900A9249E</key>
		<dict>
			<key>fileEncoding</key>
			<string>4</string>
			<key>isa</key>
			<string>PBXFileReference</string>
			<key>lastKnownFileType</key>
			<string>sourcecode.c.h</string>
			<key>path</key>
			<string>SWRevealViewController.h</string>
			<key>sourceTree</key>
			<string>&lt;group&gt;</string>
		</dict>
		<key>84F0DFA91BF94C7900A9249E</key>
		<dict>
			<key>fileEncoding</key>
			<string>4</string>
			<key>isa</key>
			<string>PBXFileReference</string>
			<key>lastKnownFileType</key>
			<string>sourcecode.c.objc</string>
			<key>path</key>
			<string>SWRevealViewController.m</string>
			<key>sourceTree</key>
			<string>&lt;group&gt;</string>
		</dict>
		<key>84F0DFAA1BF94C7900A9249E</key>
		<dict>
			<key>fileRef</key>
			<string>84F0DFA91BF94C7900A9249E</string>
			<key>isa</key>
			<string>PBXBuildFile</string>
		</dict>
		<key>84F0DFAB1BF94D1800A9249E</key>
		<dict>
			<key>fileEncoding</key>
			<string>4</string>
			<key>isa</key>
			<string>PBXFileReference</string>
			<key>lastKnownFileType</key>
			<string>sourcecode.c.h</string>
			<key>name</key>
			<string>RootViewController.h</string>
			<key>path</key>
			<string>../RootViewController.h</string>
			<key>sourceTree</key>
			<string>&lt;group&gt;</string>
		</dict>
		<key>84F0DFAC1BF94D1800A9249E</key>
		<dict>
			<key>fileEncoding</key>
			<string>4</string>
			<key>isa</key>
			<string>PBXFileReference</string>
			<key>lastKnownFileType</key>
			<string>sourcecode.c.objc</string>
			<key>name</key>
			<string>RootViewController.m</string>
			<key>path</key>
			<string>../RootViewController.m</string>
			<key>sourceTree</key>
			<string>&lt;group&gt;</string>
		</dict>
		<key>84F0DFAD1BF94D1800A9249E</key>
		<dict>
			<key>fileRef</key>
			<string>84F0DFAC1BF94D1800A9249E</string>
			<key>isa</key>
			<string>PBXBuildFile</string>
		</dict>
		<key>84F0DFB11BF962D000A9249E</key>
		<dict>
			<key>fileEncoding</key>
			<string>4</string>
			<key>isa</key>
			<string>PBXFileReference</string>
			<key>lastKnownFileType</key>
			<string>sourcecode.c.h</string>
			<key>name</key>
			<string>MenuTableViewController.h</string>
			<key>path</key>
			<string>../MenuTableViewController.h</string>
			<key>sourceTree</key>
			<string>&lt;group&gt;</string>
		</dict>
		<key>84F0DFB21BF962D000A9249E</key>
		<dict>
			<key>fileEncoding</key>
			<string>4</string>
			<key>isa</key>
			<string>PBXFileReference</string>
			<key>lastKnownFileType</key>
			<string>sourcecode.c.objc</string>
			<key>name</key>
			<string>MenuTableViewController.m</string>
			<key>path</key>
			<string>../MenuTableViewController.m</string>
			<key>sourceTree</key>
			<string>&lt;group&gt;</string>
		</dict>
		<key>84F0DFB31BF962D000A9249E</key>
		<dict>
			<key>fileRef</key>
			<string>84F0DFB21BF962D000A9249E</string>
			<key>isa</key>
			<string>PBXBuildFile</string>
		</dict>
		<key>84F0DFB41BF96F5A00A9249E</key>
		<dict>
			<key>children</key>
			<array>
				<string>84F0DFA91BF94C7900A9249E</string>
				<string>84F0DFA81BF94C7900A9249E</string>
			</array>
			<key>isa</key>
			<string>PBXGroup</string>
			<key>name</key>
			<string>SWRevealViewController</string>
			<key>path</key>
			<string>..</string>
			<key>sourceTree</key>
			<string>&lt;group&gt;</string>
		</dict>
		<key>84F0DFB51BF96F7800A9249E</key>
		<dict>
			<key>children</key>
			<array>
				<string>84F0DFAB1BF94D1800A9249E</string>
				<string>84F0DFAC1BF94D1800A9249E</string>
				<string>84F0DFB11BF962D000A9249E</string>
				<string>84F0DFB21BF962D000A9249E</string>
			</array>
			<key>isa</key>
			<string>PBXGroup</string>
			<key>name</key>
			<string>MenuController</string>
			<key>sourceTree</key>
			<string>&lt;group&gt;</string>
		</dict>
		<key>84F0DFB61BF974B000A9249E</key>
		<dict>
			<key>children</key>
			<array>
				<string>84F0DFB71BF974DB00A9249E</string>
				<string>84F0DFB81BF974DB00A9249E</string>
			</array>
			<key>isa</key>
			<string>PBXGroup</string>
			<key>name</key>
			<string>SearchController</string>
			<key>sourceTree</key>
			<string>&lt;group&gt;</string>
		</dict>
		<key>84F0DFB71BF974DB00A9249E</key>
		<dict>
			<key>fileEncoding</key>
			<string>4</string>
			<key>isa</key>
			<string>PBXFileReference</string>
			<key>lastKnownFileType</key>
			<string>sourcecode.c.h</string>
			<key>path</key>
			<string>SearchController.h</string>
			<key>sourceTree</key>
			<string>&lt;group&gt;</string>
		</dict>
		<key>84F0DFB81BF974DB00A9249E</key>
		<dict>
			<key>fileEncoding</key>
			<string>4</string>
			<key>isa</key>
			<string>PBXFileReference</string>
			<key>lastKnownFileType</key>
			<string>sourcecode.c.objc</string>
			<key>path</key>
			<string>SearchController.m</string>
			<key>sourceTree</key>
			<string>&lt;group&gt;</string>
		</dict>
		<key>84F0DFB91BF974DB00A9249E</key>
		<dict>
			<key>fileRef</key>
			<string>84F0DFB81BF974DB00A9249E</string>
			<key>isa</key>
			<string>PBXBuildFile</string>
		</dict>
		<key>8D38E5EC71683FFFE75DD658</key>
		<dict>
			<key>buildActionMask</key>
			<string>2147483647</string>
			<key>files</key>
			<array/>
			<key>inputPaths</key>
			<array/>
			<key>isa</key>
			<string>PBXShellScriptBuildPhase</string>
			<key>name</key>
			<string>Copy Pods Resources</string>
			<key>outputPaths</key>
			<array/>
			<key>runOnlyForDeploymentPostprocessing</key>
			<string>0</string>
			<key>shellPath</key>
			<string>/bin/sh</string>
			<key>shellScript</key>
			<string>"${SRCROOT}/Pods/Target Support Files/Pods-FSearcher/Pods-FSearcher-resources.sh"
</string>
			<key>showEnvVarsInLog</key>
			<string>0</string>
		</dict>
		<key>ED6638DD69D455C12753014F</key>
		<dict>
			<key>explicitFileType</key>
			<string>archive.ar</string>
			<key>includeInIndex</key>
			<string>0</string>
			<key>isa</key>
			<string>PBXFileReference</string>
			<key>path</key>
			<string>libPods-FSearcher.a</string>
			<key>sourceTree</key>
			<string>BUILT_PRODUCTS_DIR</string>
		</dict>
		<key>FCC2318F4FAEBE8F507377A1</key>
		<dict>
			<key>children</key>
			<array>
				<string>ED6638DD69D455C12753014F</string>
			</array>
			<key>isa</key>
			<string>PBXGroup</string>
			<key>name</key>
			<string>Frameworks</string>
			<key>sourceTree</key>
			<string>&lt;group&gt;</string>
		</dict>
	</dict>
	<key>rootObject</key>
	<string>6D21B2AF1BF5FD880004B2B5</string>
</dict>
</plist>
