// !$*UTF8*$!
{
	archiveVersion = 1;
	classes = {
	};
	objectVersion = 46;
	objects = {

/* Begin PBXBuildFile section */
		6D21B2BD1BF5FD880004B2B5 /* main.m in Sources */ = {isa = PBXBuildFile; fileRef = 6D21B2BC1BF5FD880004B2B5 /* main.m */; };
		6D21B2C01BF5FD880004B2B5 /* AppDelegate.m in Sources */ = {isa = PBXBuildFile; fileRef = 6D21B2BF1BF5FD880004B2B5 /* AppDelegate.m */; };
		6D21B2C61BF5FD880004B2B5 /* Main.storyboard in Resources */ = {isa = PBXBuildFile; fileRef = 6D21B2C41BF5FD880004B2B5 /* Main.storyboard */; };
		6D21B2C81BF5FD880004B2B5 /* Images.xcassets in Resources */ = {isa = PBXBuildFile; fileRef = 6D21B2C71BF5FD880004B2B5 /* Images.xcassets */; };
		6D21B2CB1BF5FD880004B2B5 /* LaunchScreen.xib in Resources */ = {isa = PBXBuildFile; fileRef = 6D21B2C91BF5FD880004B2B5 /* LaunchScreen.xib */; };
		6D21B2D71BF5FD880004B2B5 /* FSearcherTests.m in Sources */ = {isa = PBXBuildFile; fileRef = 6D21B2D61BF5FD880004B2B5 /* FSearcherTests.m */; };
		6D21B2E51BF5FE7B0004B2B5 /* TableFilmViewController.m in Sources */ = {isa = PBXBuildFile; fileRef = 6D21B2E41BF5FE7B0004B2B5 /* TableFilmViewController.m */; };
		6D21B2E91BF608A60004B2B5 /* FSFilm.m in Sources */ = {isa = PBXBuildFile; fileRef = 6D21B2E81BF608A60004B2B5 /* FSFilm.m */; };
		6D21B2ED1BF608D70004B2B5 /* FSDownloading.m in Sources */ = {isa = PBXBuildFile; fileRef = 6D21B2EC1BF608D70004B2B5 /* FSDownloading.m */; };
		6D21B2F21BF618860004B2B5 /* FSDataSaver.m in Sources */ = {isa = PBXBuildFile; fileRef = 6D21B2F11BF618860004B2B5 /* FSDataSaver.m */; };
		6D21B2F61BF620BB0004B2B5 /* FSUrlFetcher.m in Sources */ = {isa = PBXBuildFile; fileRef = 6D21B2F51BF620BB0004B2B5 /* FSUrlFetcher.m */; };
/* End PBXBuildFile section */

/* Begin PBXContainerItemProxy section */
		6D21B2D11BF5FD880004B2B5 /* PBXContainerItemProxy */ = {
			isa = PBXContainerItemProxy;
			containerPortal = 6D21B2AF1BF5FD880004B2B5 /* Project object */;
			proxyType = 1;
			remoteGlobalIDString = 6D21B2B61BF5FD880004B2B5;
			remoteInfo = FSearcher;
		};
/* End PBXContainerItemProxy section */

/* Begin PBXFileReference section */
		6D21B2B71BF5FD880004B2B5 /* FSearcher.app */ = {isa = PBXFileReference; explicitFileType = wrapper.application; includeInIndex = 0; path = FSearcher.app; sourceTree = BUILT_PRODUCTS_DIR; };
		6D21B2BB1BF5FD880004B2B5 /* Info.plist */ = {isa = PBXFileReference; lastKnownFileType = text.plist.xml; path = Info.plist; sourceTree = "<group>"; };
		6D21B2BC1BF5FD880004B2B5 /* main.m */ = {isa = PBXFileReference; lastKnownFileType = sourcecode.c.objc; path = main.m; sourceTree = "<group>"; };
		6D21B2BE1BF5FD880004B2B5 /* AppDelegate.h */ = {isa = PBXFileReference; lastKnownFileType = sourcecode.c.h; name = AppDelegate.h; path = FSearcher/AppDelegate.h; sourceTree = "<group>"; };
		6D21B2BF1BF5FD880004B2B5 /* AppDelegate.m */ = {isa = PBXFileReference; lastKnownFileType = sourcecode.c.objc; name = AppDelegate.m; path = FSearcher/AppDelegate.m; sourceTree = "<group>"; };
		6D21B2C51BF5FD880004B2B5 /* Base */ = {isa = PBXFileReference; lastKnownFileType = file.storyboard; name = Base; path = Base.lproj/Main.storyboard; sourceTree = "<group>"; };
		6D21B2C71BF5FD880004B2B5 /* Images.xcassets */ = {isa = PBXFileReference; lastKnownFileType = folder.assetcatalog; path = Images.xcassets; sourceTree = "<group>"; };
		6D21B2CA1BF5FD880004B2B5 /* Base */ = {isa = PBXFileReference; lastKnownFileType = file.xib; name = Base; path = Base.lproj/LaunchScreen.xib; sourceTree = "<group>"; };
		6D21B2D01BF5FD880004B2B5 /* FSearcherTests.xctest */ = {isa = PBXFileReference; explicitFileType = wrapper.cfbundle; includeInIndex = 0; path = FSearcherTests.xctest; sourceTree = BUILT_PRODUCTS_DIR; };
		6D21B2D51BF5FD880004B2B5 /* Info.plist */ = {isa = PBXFileReference; lastKnownFileType = text.plist.xml; path = Info.plist; sourceTree = "<group>"; };
		6D21B2D61BF5FD880004B2B5 /* FSearcherTests.m */ = {isa = PBXFileReference; lastKnownFileType = sourcecode.c.objc; path = FSearcherTests.m; sourceTree = "<group>"; };
		6D21B2E31BF5FE7B0004B2B5 /* TableFilmViewController.h */ = {isa = PBXFileReference; fileEncoding = 4; lastKnownFileType = sourcecode.c.h; path = TableFilmViewController.h; sourceTree = "<group>"; };
		6D21B2E41BF5FE7B0004B2B5 /* TableFilmViewController.m */ = {isa = PBXFileReference; fileEncoding = 4; lastKnownFileType = sourcecode.c.objc; path = TableFilmViewController.m; sourceTree = "<group>"; };
		6D21B2E71BF608A60004B2B5 /* FSFilm.h */ = {isa = PBXFileReference; fileEncoding = 4; lastKnownFileType = sourcecode.c.h; path = FSFilm.h; sourceTree = "<group>"; };
		6D21B2E81BF608A60004B2B5 /* FSFilm.m */ = {isa = PBXFileReference; fileEncoding = 4; lastKnownFileType = sourcecode.c.objc; path = FSFilm.m; sourceTree = "<group>"; };
		6D21B2EB1BF608D70004B2B5 /* FSDownloading.h */ = {isa = PBXFileReference; fileEncoding = 4; lastKnownFileType = sourcecode.c.h; path = FSDownloading.h; sourceTree = "<group>"; };
		6D21B2EC1BF608D70004B2B5 /* FSDownloading.m */ = {isa = PBXFileReference; fileEncoding = 4; lastKnownFileType = sourcecode.c.objc; path = FSDownloading.m; sourceTree = "<group>"; };
		6D21B2EE1BF609CE0004B2B5 /* FSPathDefines.h */ = {isa = PBXFileReference; lastKnownFileType = sourcecode.c.h; path = FSPathDefines.h; sourceTree = "<group>"; };
		6D21B2F01BF618860004B2B5 /* FSDataSaver.h */ = {isa = PBXFileReference; fileEncoding = 4; lastKnownFileType = sourcecode.c.h; path = FSDataSaver.h; sourceTree = "<group>"; };
		6D21B2F11BF618860004B2B5 /* FSDataSaver.m */ = {isa = PBXFileReference; fileEncoding = 4; lastKnownFileType = sourcecode.c.objc; path = FSDataSaver.m; sourceTree = "<group>"; };
		6D21B2F41BF620BB0004B2B5 /* FSUrlFetcher.h */ = {isa = PBXFileReference; fileEncoding = 4; lastKnownFileType = sourcecode.c.h; path = FSUrlFetcher.h; sourceTree = "<group>"; };
		6D21B2F51BF620BB0004B2B5 /* FSUrlFetcher.m */ = {isa = PBXFileReference; fileEncoding = 4; lastKnownFileType = sourcecode.c.objc; path = FSUrlFetcher.m; sourceTree = "<group>"; };
/* End PBXFileReference section */

/* Begin PBXFrameworksBuildPhase section */
		6D21B2B41BF5FD880004B2B5 /* Frameworks */ = {
			isa = PBXFrameworksBuildPhase;
			buildActionMask = 2147483647;
			files = (
			);
			runOnlyForDeploymentPostprocessing = 0;
		};
		6D21B2CD1BF5FD880004B2B5 /* Frameworks */ = {
			isa = PBXFrameworksBuildPhase;
			buildActionMask = 2147483647;
			files = (
			);
			runOnlyForDeploymentPostprocessing = 0;
		};
/* End PBXFrameworksBuildPhase section */

/* Begin PBXGroup section */
		6D21B2AE1BF5FD880004B2B5 = {
			isa = PBXGroup;
			children = (
				6D21B2EE1BF609CE0004B2B5 /* FSPathDefines.h */,
				6D21B2BE1BF5FD880004B2B5 /* AppDelegate.h */,
				6D21B2BF1BF5FD880004B2B5 /* AppDelegate.m */,
				6D21B2B91BF5FD880004B2B5 /* FSearcher */,
				6D21B2D31BF5FD880004B2B5 /* FSearcherTests */,
				6D21B2B81BF5FD880004B2B5 /* Products */,
			);
			sourceTree = "<group>";
		};
		6D21B2B81BF5FD880004B2B5 /* Products */ = {
			isa = PBXGroup;
			children = (
				6D21B2B71BF5FD880004B2B5 /* FSearcher.app */,
				6D21B2D01BF5FD880004B2B5 /* FSearcherTests.xctest */,
			);
			name = Products;
			sourceTree = "<group>";
		};
		6D21B2B91BF5FD880004B2B5 /* FSearcher */ = {
			isa = PBXGroup;
			children = (
				6D21B2E21BF5FDFC0004B2B5 /* Controllers */,
				6D21B2E01BF5FDC60004B2B5 /* Model */,
				6D21B2C41BF5FD880004B2B5 /* Main.storyboard */,
				6D21B2C71BF5FD880004B2B5 /* Images.xcassets */,
				6D21B2C91BF5FD880004B2B5 /* LaunchScreen.xib */,
				6D21B2BA1BF5FD880004B2B5 /* Supporting Files */,
			);
			path = FSearcher;
			sourceTree = "<group>";
		};
		6D21B2BA1BF5FD880004B2B5 /* Supporting Files */ = {
			isa = PBXGroup;
			children = (
				6D21B2BB1BF5FD880004B2B5 /* Info.plist */,
				6D21B2BC1BF5FD880004B2B5 /* main.m */,
			);
			name = "Supporting Files";
			sourceTree = "<group>";
		};
		6D21B2D31BF5FD880004B2B5 /* FSearcherTests */ = {
			isa = PBXGroup;
			children = (
				6D21B2D61BF5FD880004B2B5 /* FSearcherTests.m */,
				6D21B2D41BF5FD880004B2B5 /* Supporting Files */,
			);
			path = FSearcherTests;
			sourceTree = "<group>";
		};
		6D21B2D41BF5FD880004B2B5 /* Supporting Files */ = {
			isa = PBXGroup;
			children = (
				6D21B2D51BF5FD880004B2B5 /* Info.plist */,
			);
			name = "Supporting Files";
			sourceTree = "<group>";
		};
		6D21B2E01BF5FDC60004B2B5 /* Model */ = {
			isa = PBXGroup;
			children = (
				6D21B2F31BF6209D0004B2B5 /* FSUrlFetcher */,
				6D21B2EF1BF618700004B2B5 /* FSDataSaver */,
				6D21B2EA1BF608B30004B2B5 /* FSDownloading */,
				6D21B2E61BF6086D0004B2B5 /* FSFilms */,
			);
			name = Model;
			sourceTree = "<group>";
		};
		6D21B2E21BF5FDFC0004B2B5 /* Controllers */ = {
			isa = PBXGroup;
			children = (
				6D21B2E31BF5FE7B0004B2B5 /* TableFilmViewController.h */,
				6D21B2E41BF5FE7B0004B2B5 /* TableFilmViewController.m */,
			);
			name = Controllers;
			sourceTree = "<group>";
		};
		6D21B2E61BF6086D0004B2B5 /* FSFilms */ = {
			isa = PBXGroup;
			children = (
				6D21B2E71BF608A60004B2B5 /* FSFilm.h */,
				6D21B2E81BF608A60004B2B5 /* FSFilm.m */,
			);
			name = FSFilms;
			sourceTree = "<group>";
		};
		6D21B2EA1BF608B30004B2B5 /* FSDownloading */ = {
			isa = PBXGroup;
			children = (
				6D21B2EB1BF608D70004B2B5 /* FSDownloading.h */,
				6D21B2EC1BF608D70004B2B5 /* FSDownloading.m */,
			);
			name = FSDownloading;
			sourceTree = "<group>";
		};
		6D21B2EF1BF618700004B2B5 /* FSDataSaver */ = {
			isa = PBXGroup;
			children = (
				6D21B2F01BF618860004B2B5 /* FSDataSaver.h */,
				6D21B2F11BF618860004B2B5 /* FSDataSaver.m */,
			);
			name = FSDataSaver;
			sourceTree = "<group>";
		};
		6D21B2F31BF6209D0004B2B5 /* FSUrlFetcher */ = {
			isa = PBXGroup;
			children = (
				6D21B2F41BF620BB0004B2B5 /* FSUrlFetcher.h */,
				6D21B2F51BF620BB0004B2B5 /* FSUrlFetcher.m */,
			);
			name = FSUrlFetcher;
			sourceTree = "<group>";
		};
/* End PBXGroup section */

/* Begin PBXNativeTarget section */
		6D21B2B61BF5FD880004B2B5 /* FSearcher */ = {
			isa = PBXNativeTarget;
			buildConfigurationList = 6D21B2DA1BF5FD880004B2B5 /* Build configuration list for PBXNativeTarget "FSearcher" */;
			buildPhases = (
				6D21B2B31BF5FD880004B2B5 /* Sources */,
				6D21B2B41BF5FD880004B2B5 /* Frameworks */,
				6D21B2B51BF5FD880004B2B5 /* Resources */,
			);
			buildRules = (
			);
			dependencies = (
			);
			name = FSearcher;
			productName = FSearcher;
			productReference = 6D21B2B71BF5FD880004B2B5 /* FSearcher.app */;
			productType = "com.apple.product-type.application";
		};
		6D21B2CF1BF5FD880004B2B5 /* FSearcherTests */ = {
			isa = PBXNativeTarget;
			buildConfigurationList = 6D21B2DD1BF5FD880004B2B5 /* Build configuration list for PBXNativeTarget "FSearcherTests" */;
			buildPhases = (
				6D21B2CC1BF5FD880004B2B5 /* Sources */,
				6D21B2CD1BF5FD880004B2B5 /* Frameworks */,
				6D21B2CE1BF5FD880004B2B5 /* Resources */,
			);
			buildRules = (
			);
			dependencies = (
				6D21B2D21BF5FD880004B2B5 /* PBXTargetDependency */,
			);
			name = FSearcherTests;
			productName = FSearcherTests;
			productReference = 6D21B2D01BF5FD880004B2B5 /* FSearcherTests.xctest */;
			productType = "com.apple.product-type.bundle.unit-test";
		};
/* End PBXNativeTarget section */

/* Begin PBXProject section */
		6D21B2AF1BF5FD880004B2B5 /* Project object */ = {
			isa = PBXProject;
			attributes = {
				LastUpgradeCheck = 0640;
				ORGANIZATIONNAME = "Pavlo Dumyak";
				TargetAttributes = {
					6D21B2B61BF5FD880004B2B5 = {
						CreatedOnToolsVersion = 6.4;
					};
					6D21B2CF1BF5FD880004B2B5 = {
						CreatedOnToolsVersion = 6.4;
						TestTargetID = 6D21B2B61BF5FD880004B2B5;
					};
				};
			};
			buildConfigurationList = 6D21B2B21BF5FD880004B2B5 /* Build configuration list for PBXProject "FSearcher" */;
			compatibilityVersion = "Xcode 3.2";
			developmentRegion = English;
			hasScannedForEncodings = 0;
			knownRegions = (
				en,
				Base,
			);
			mainGroup = 6D21B2AE1BF5FD880004B2B5;
			productRefGroup = 6D21B2B81BF5FD880004B2B5 /* Products */;
			projectDirPath = "";
			projectRoot = "";
			targets = (
				6D21B2B61BF5FD880004B2B5 /* FSearcher */,
				6D21B2CF1BF5FD880004B2B5 /* FSearcherTests */,
			);
		};
/* End PBXProject section */

/* Begin PBXResourcesBuildPhase section */
		6D21B2B51BF5FD880004B2B5 /* Resources */ = {
			isa = PBXResourcesBuildPhase;
			buildActionMask = 2147483647;
			files = (
				6D21B2C61BF5FD880004B2B5 /* Main.storyboard in Resources */,
				6D21B2CB1BF5FD880004B2B5 /* LaunchScreen.xib in Resources */,
				6D21B2C81BF5FD880004B2B5 /* Images.xcassets in Resources */,
			);
			runOnlyForDeploymentPostprocessing = 0;
		};
		6D21B2CE1BF5FD880004B2B5 /* Resources */ = {
			isa = PBXResourcesBuildPhase;
			buildActionMask = 2147483647;
			files = (
			);
			runOnlyForDeploymentPostprocessing = 0;
		};
/* End PBXResourcesBuildPhase section */

/* Begin PBXSourcesBuildPhase section */
		6D21B2B31BF5FD880004B2B5 /* Sources */ = {
			isa = PBXSourcesBuildPhase;
			buildActionMask = 2147483647;
			files = (
				6D21B2F61BF620BB0004B2B5 /* FSUrlFetcher.m in Sources */,
				6D21B2E91BF608A60004B2B5 /* FSFilm.m in Sources */,
				6D21B2C01BF5FD880004B2B5 /* AppDelegate.m in Sources */,
				6D21B2ED1BF608D70004B2B5 /* FSDownloading.m in Sources */,
				6D21B2E51BF5FE7B0004B2B5 /* TableFilmViewController.m in Sources */,
				6D21B2F21BF618860004B2B5 /* FSDataSaver.m in Sources */,
				6D21B2BD1BF5FD880004B2B5 /* main.m in Sources */,
			);
			runOnlyForDeploymentPostprocessing = 0;
		};
		6D21B2CC1BF5FD880004B2B5 /* Sources */ = {
			isa = PBXSourcesBuildPhase;
			buildActionMask = 2147483647;
			files = (
				6D21B2D71BF5FD880004B2B5 /* FSearcherTests.m in Sources */,
			);
			runOnlyForDeploymentPostprocessing = 0;
		};
/* End PBXSourcesBuildPhase section */

/* Begin PBXTargetDependency section */
		6D21B2D21BF5FD880004B2B5 /* PBXTargetDependency */ = {
			isa = PBXTargetDependency;
			target = 6D21B2B61BF5FD880004B2B5 /* FSearcher */;
			targetProxy = 6D21B2D11BF5FD880004B2B5 /* PBXContainerItemProxy */;
		};
/* End PBXTargetDependency section */

/* Begin PBXVariantGroup section */
		6D21B2C41BF5FD880004B2B5 /* Main.storyboard */ = {
			isa = PBXVariantGroup;
			children = (
				6D21B2C51BF5FD880004B2B5 /* Base */,
			);
			name = Main.storyboard;
			sourceTree = "<group>";
		};
		6D21B2C91BF5FD880004B2B5 /* LaunchScreen.xib */ = {
			isa = PBXVariantGroup;
			children = (
				6D21B2CA1BF5FD880004B2B5 /* Base */,
			);
			name = LaunchScreen.xib;
			sourceTree = "<group>";
		};
/* End PBXVariantGroup section */

/* Begin XCBuildConfiguration section */
		6D21B2D81BF5FD880004B2B5 /* Debug */ = {
			isa = XCBuildConfiguration;
			buildSettings = {
				ALWAYS_SEARCH_USER_PATHS = NO;
				CLANG_CXX_LANGUAGE_STANDARD = "gnu++0x";
				CLANG_CXX_LIBRARY = "libc++";
				CLANG_ENABLE_MODULES = YES;
				CLANG_ENABLE_OBJC_ARC = YES;
				CLANG_WARN_BOOL_CONVERSION = YES;
				CLANG_WARN_CONSTANT_CONVERSION = YES;
				CLANG_WARN_DIRECT_OBJC_ISA_USAGE = YES_ERROR;
				CLANG_WARN_EMPTY_BODY = YES;
				CLANG_WARN_ENUM_CONVERSION = YES;
				CLANG_WARN_INT_CONVERSION = YES;
				CLANG_WARN_OBJC_ROOT_CLASS = YES_ERROR;
				CLANG_WARN_UNREACHABLE_CODE = YES;
				CLANG_WARN__DUPLICATE_METHOD_MATCH = YES;
				"CODE_SIGN_IDENTITY[sdk=iphoneos*]" = "iPhone Developer";
				COPY_PHASE_STRIP = NO;
				DEBUG_INFORMATION_FORMAT = "dwarf-with-dsym";
				ENABLE_STRICT_OBJC_MSGSEND = YES;
				GCC_C_LANGUAGE_STANDARD = gnu99;
				GCC_DYNAMIC_NO_PIC = NO;
				GCC_NO_COMMON_BLOCKS = YES;
				GCC_OPTIMIZATION_LEVEL = 0;
				GCC_PREPROCESSOR_DEFINITIONS = (
					"DEBUG=1",
					"$(inherited)",
				);
				GCC_SYMBOLS_PRIVATE_EXTERN = NO;
				GCC_WARN_64_TO_32_BIT_CONVERSION = YES;
				GCC_WARN_ABOUT_RETURN_TYPE = YES_ERROR;
				GCC_WARN_UNDECLARED_SELECTOR = YES;
				GCC_WARN_UNINITIALIZED_AUTOS = YES_AGGRESSIVE;
				GCC_WARN_UNUSED_FUNCTION = YES;
				GCC_WARN_UNUSED_VARIABLE = YES;
				IPHONEOS_DEPLOYMENT_TARGET = 8.4;
				MTL_ENABLE_DEBUG_INFO = YES;
				ONLY_ACTIVE_ARCH = YES;
				SDKROOT = iphoneos;
			};
			name = Debug;
		};
		6D21B2D91BF5FD880004B2B5 /* Release */ = {
			isa = XCBuildConfiguration;
			buildSettings = {
				ALWAYS_SEARCH_USER_PATHS = NO;
				CLANG_CXX_LANGUAGE_STANDARD = "gnu++0x";
				CLANG_CXX_LIBRARY = "libc++";
				CLANG_ENABLE_MODULES = YES;
				CLANG_ENABLE_OBJC_ARC = YES;
				CLANG_WARN_BOOL_CONVERSION = YES;
				CLANG_WARN_CONSTANT_CONVERSION = YES;
				CLANG_WARN_DIRECT_OBJC_ISA_USAGE = YES_ERROR;
				CLANG_WARN_EMPTY_BODY = YES;
				CLANG_WARN_ENUM_CONVERSION = YES;
				CLANG_WARN_INT_CONVERSION = YES;
				CLANG_WARN_OBJC_ROOT_CLASS = YES_ERROR;
				CLANG_WARN_UNREACHABLE_CODE = YES;
				CLANG_WARN__DUPLICATE_METHOD_MATCH = YES;
				"CODE_SIGN_IDENTITY[sdk=iphoneos*]" = "iPhone Developer";
				COPY_PHASE_STRIP = NO;
				DEBUG_INFORMATION_FORMAT = "dwarf-with-dsym";
				ENABLE_NS_ASSERTIONS = NO;
				ENABLE_STRICT_OBJC_MSGSEND = YES;
				GCC_C_LANGUAGE_STANDARD = gnu99;
				GCC_NO_COMMON_BLOCKS = YES;
				GCC_WARN_64_TO_32_BIT_CONVERSION = YES;
				GCC_WARN_ABOUT_RETURN_TYPE = YES_ERROR;
				GCC_WARN_UNDECLARED_SELECTOR = YES;
				GCC_WARN_UNINITIALIZED_AUTOS = YES_AGGRESSIVE;
				GCC_WARN_UNUSED_FUNCTION = YES;
				GCC_WARN_UNUSED_VARIABLE = YES;
				IPHONEOS_DEPLOYMENT_TARGET = 8.4;
				MTL_ENABLE_DEBUG_INFO = NO;
				SDKROOT = iphoneos;
				VALIDATE_PRODUCT = YES;
			};
			name = Release;
		};
		6D21B2DB1BF5FD880004B2B5 /* Debug */ = {
			isa = XCBuildConfiguration;
			buildSettings = {
				ASSETCATALOG_COMPILER_APPICON_NAME = AppIcon;
				INFOPLIST_FILE = FSearcher/Info.plist;
				LD_RUNPATH_SEARCH_PATHS = "$(inherited) @executable_path/Frameworks";
				PRODUCT_NAME = "$(TARGET_NAME)";
			};
			name = Debug;
		};
		6D21B2DC1BF5FD880004B2B5 /* Release */ = {
			isa = XCBuildConfiguration;
			buildSettings = {
				ASSETCATALOG_COMPILER_APPICON_NAME = AppIcon;
				INFOPLIST_FILE = FSearcher/Info.plist;
				LD_RUNPATH_SEARCH_PATHS = "$(inherited) @executable_path/Frameworks";
				PRODUCT_NAME = "$(TARGET_NAME)";
			};
			name = Release;
		};
		6D21B2DE1BF5FD880004B2B5 /* Debug */ = {
			isa = XCBuildConfiguration;
			buildSettings = {
				BUNDLE_LOADER = "$(TEST_HOST)";
				FRAMEWORK_SEARCH_PATHS = (
					"$(SDKROOT)/Developer/Library/Frameworks",
					"$(inherited)",
				);
				GCC_PREPROCESSOR_DEFINITIONS = (
					"DEBUG=1",
					"$(inherited)",
				);
				INFOPLIST_FILE = FSearcherTests/Info.plist;
				LD_RUNPATH_SEARCH_PATHS = "$(inherited) @executable_path/Frameworks @loader_path/Frameworks";
				PRODUCT_NAME = "$(TARGET_NAME)";
				TEST_HOST = "$(BUILT_PRODUCTS_DIR)/FSearcher.app/FSearcher";
			};
			name = Debug;
		};
		6D21B2DF1BF5FD880004B2B5 /* Release */ = {
			isa = XCBuildConfiguration;
			buildSettings = {
				BUNDLE_LOADER = "$(TEST_HOST)";
				FRAMEWORK_SEARCH_PATHS = (
					"$(SDKROOT)/Developer/Library/Frameworks",
					"$(inherited)",
				);
				INFOPLIST_FILE = FSearcherTests/Info.plist;
				LD_RUNPATH_SEARCH_PATHS = "$(inherited) @executable_path/Frameworks @loader_path/Frameworks";
				PRODUCT_NAME = "$(TARGET_NAME)";
				TEST_HOST = "$(BUILT_PRODUCTS_DIR)/FSearcher.app/FSearcher";
			};
			name = Release;
		};
/* End XCBuildConfiguration section */

/* Begin XCConfigurationList section */
		6D21B2B21BF5FD880004B2B5 /* Build configuration list for PBXProject "FSearcher" */ = {
			isa = XCConfigurationList;
			buildConfigurations = (
				6D21B2D81BF5FD880004B2B5 /* Debug */,
				6D21B2D91BF5FD880004B2B5 /* Release */,
			);
			defaultConfigurationIsVisible = 0;
			defaultConfigurationName = Release;
		};
		6D21B2DA1BF5FD880004B2B5 /* Build configuration list for PBXNativeTarget "FSearcher" */ = {
			isa = XCConfigurationList;
			buildConfigurations = (
				6D21B2DB1BF5FD880004B2B5 /* Debug */,
				6D21B2DC1BF5FD880004B2B5 /* Release */,
			);
			defaultConfigurationIsVisible = 0;
		};
		6D21B2DD1BF5FD880004B2B5 /* Build configuration list for PBXNativeTarget "FSearcherTests" */ = {
			isa = XCConfigurationList;
			buildConfigurations = (
				6D21B2DE1BF5FD880004B2B5 /* Debug */,
				6D21B2DF1BF5FD880004B2B5 /* Release */,
			);
			defaultConfigurationIsVisible = 0;
		};
/* End XCConfigurationList section */
	};
	rootObject = 6D21B2AF1BF5FD880004B2B5 /* Project object */;
}
